github.com/arcgolabs/collectionx v0.2.0 h1:LRkEUxiVwbXkdhctwPXGVGwTk/xrOTkPgTwt6+mWCa4=
github.com/arcgolabs/collectionx/internal v0.2.0 h1:h2D1f4eleFHA9BUJi2QTomtwxGIYQ8zMPxkwJLly+2k=
github.com/arcgolabs/collectionx/interval v0.2.0 h1:UzeLwKgjDWkSc15uU4sjSBzV/gppKvYjzWCn2ki6fME=
github.com/arcgolabs/collectionx/list v0.2.0 h1:RmMVt4eX24SDFpkiwS8KcIXfgwPD+FggG6Ps+3FxfrM=
github.com/arcgolabs/collectionx/mapping v0.2.0 h1:o0ISMjQDXeXjLHbl4PiMYQAKxQjcbMugi+L/MkWvDkY=
github.com/arcgolabs/collectionx/prefix v0.2.0 h1:gaIC2D1ojWQi3ADfMbfRhHTGhvQxbkxUY41WvSzcwlQ=
github.com/arcgolabs/collectionx/set v0.2.0 h1:qtxy6CwtO1v6FqgdT5CT/88XpjlH3g1WItrGpmj8v4w=
github.com/arcgolabs/collectionx/tree v0.2.0 h1:+pAPgKek5Q7IQO360cixcPd46eC+ALlswBGzI4yJUfQ=
github.com/arcgolabs/logx v0.1.0 h1:LT1Geo9NTc5pk3v2RNP9RZHKaFKsa3oeGj4ww+gXpF0=
github.com/arcgolabs/observabilityx v0.2.0 h1:YzJ53Bolg06JArC2NXgTTxoxh1/ltlqPyWfi6EMfbxU=
github.com/arcgolabs/pkg/option v0.0.3 h1:SS7WDMUAr7XW2/sOZkaqDrIUrygJK8u1gdPs9A4K5+A=
github.com/beorn7/perks v1.0.1 h1:VlbKKnNfV8bJzeqoa4cOKqO6bYr3WgKZxO8Z16+hsOM=
github.com/cespare/xxhash/v2 v2.3.0 h1:UL815xU9SqsFlibzuggzjXhog7bL6oX9BbNZnL2UFvs=
github.com/davecgh/go-spew v1.1.2-0.20180830191138-d8f796af33cc h1:U9qPSI2PIWSS1VwoXQT9A3Wy9MM3WgvqSxFWenqJduM=
github.com/google/go-cmp v0.7.0 h1:wk8382ETsv4JYUZwIsn6YpYiWiBsYLSJiTsyBybVuN8=
github.com/klauspost/compress v1.18.0 h1:c/Cqfb0r+Yi+JtIEq73FWXVkRonBlf0CRNYc8Zttxdo=
github.com/klauspost/compress v1.18.0/go.mod h1:2Pp+KzxcywXVXMr50+X0Q/Lsb43OQHYWRCY2AiWywWQ=
github.com/kr/pretty v0.3.1 h1:flRD4NNwYAUpkphVc1HcthR4KEIFJ65n8Mw5qdRn3LE=
github.com/kr/text v0.2.0 h1:5Nx0Ya0ZqY2ygV366QzturHI13Jq95ApcVaJBhpS+AY=
github.com/kylelemons/godebug v1.1.0 h1:RPNrshWIDI6G2gRW9EHilWtl7Z6Sb1BR0xunSBf0SNc=
github.com/kylelemons/godebug v1.1.0/go.mod h1:9/0rRGxNHcop5bhtWyNeEfOS8JIWk580+fNqagV/RAw=
github.com/mattn/go-colorable v0.1.14 h1:9A9LHSqF/7dyVVX6g0U9cwm9pG3kP9gSzcuIPHPsaIE=
github.com/mattn/go-isatty v0.0.21 h1:xYae+lCNBP7QuW4PUnNG61ffM4hVIfm+zUzDuSzYLGs=
github.com/munnerz/goautoneg v0.0.0-20191010083416-a7dc8b61c822 h1:C3w9PqII01/Oq1c1nUAm88MOHcQC9l5mIlSMApZMrHA=
github.com/oklog/ulid/v2 v2.1.1 h1:suPZ4ARWLOJLegGFiZZ1dFAkqzhMjL3J1TzI+5wHz8s=
github.com/pmezard/go-difflib v1.0.1-0.20181226105442-5d4384ee4fb2 h1:Jamvg5psRIccs7FGNTlIRMkT8wgtp5eCXdBlqhYGL6U=
github.com/prometheus/client_golang v1.23.2 h1:Je96obch5RDVy3FDMndoUsjAhG5Edi49h0RJWRi/o0o=
github.com/prometheus/client_model v0.6.2 h1:oBsgwpGs7iVziMvrGhE53c/GrLUsZdHnqNwqPLxwZyk=
github.com/prometheus/common v0.66.1 h1:h5E0h5/Y8niHc5DlaLlWLArTQI7tMrsfQjHV+d9ZoGs=
github.com/prometheus/procfs v0.16.1 h1:hZ15bTNuirocR6u0JZ6BAHHmwS1p8B4P6MRqxtzMyRg=
github.com/rogpeppe/go-internal v1.14.1 h1:UQB4HGPB6osV0SQTLymcB4TgvyWu6ZyliaW0tI/otEQ=
github.com/rs/zerolog v1.35.1 h1:m7xQeoiLIiV0BCEY4Hs+j2NG4Gp2o2KPKmhnnLiazKI=
github.com/samber/do/v2 v2.0.0 h1:tnunwWaoqSfJ9hxVIaJawIo7JXHQlqT9d9YBXlE9Keg=
github.com/samber/go-type-to-string v1.8.0 h1:5z6tDTjtXxkIAoAuHAZYMYR8mkBZjVgeSH7jcSLqc8w=
github.com/samber/lo v1.53.0 h1:t975lj2py4kJPQ6haz1QMgtId2gtmfktACxIXArw3HM=
github.com/samber/mo v1.16.0 h1:qpEPCI63ou6wXlsNDMLE0IIN8A+devbGX/K1xdgr4b4=
github.com/samber/oops v1.21.0 h1:18atcO4oEigNFuGXqr3NZWZ6P0XOSEXyBSAMXdQRxTc=
github.com/samber/oops/loggers/zerolog v0.0.0-20260412154111-1460827f264f h1:fzhOF1JvKin3wbnNsWDBV1fhWgteddUOQm4lMjk5FTc=
github.com/samber/slog-common v0.22.0 h1:WyPxYRg/c5xUmxZJbtd0QgysHlLBhRA+MngKdJieHxE=
github.com/samber/slog-zerolog/v2 v2.9.2 h1:DIFzfzDTxHeRyGlfg/D7b2by7VVzcsBTybRPrzjWF4c=
github.com/stretchr/testify v1.11.1 h1:7s2iGBzp5EwR7/aIZr8ao5+dra3wiQyKjjFuvgVKu7U=
go.opentelemetry.io/otel v1.43.0 h1:mYIM03dnh5zfN7HautFE4ieIig9amkNANT+xcVxAj9I=
go.opentelemetry.io/otel/trace v1.43.0 h1:BkNrHpup+4k4w+ZZ86CZoHHEkohws8AY+WTX09nk+3A=
go.uber.org/goleak v1.3.0 h1:2K3zAYmnTNqV73imy9J1T3WC+gmCePx2hEGkimedGto=
go.uber.org/goleak v1.3.0/go.mod h1:CoHD4mav9JJNrW/WLlf7HGZPjdw8EucARQHekz1X6bE=
go.yaml.in/yaml/v2 v2.4.2 h1:DzmwEr2rDGHl7lsFgAHxmNz/1NlQ7xLIrlN2h5d1eGI=
golang.org/x/sys v0.43.0 h1:Rlag2XtaFTxp19wS8MXlJwTvoh8ArU6ezoyFsMyCTNI=
golang.org/x/text v0.36.0 h1:JfKh3XmcRPqZPKevfXVpI1wXPTqbkE5f7JA92a55Yxg=
google.golang.org/protobuf v1.36.8 h1:xHScyCOEuuwZEc6UtSOvPbAT4zRh0xcNRYekJwfqyMc=
gopkg.in/check.v1 v1.0.0-20201130134442-10cb98267c6c h1:Hei/4ADfdWqJk1ZMxUNpqntNwaWcugrBjAiHlqqRiVk=
gopkg.in/natefinch/lumberjack.v2 v2.2.1 h1:bBRl1b0OH9s/DuPhuXpNl+VtCaJXFZ5/uEFST95x9zc=
gopkg.in/yaml.v3 v3.0.1 h1:fxVm/GzAzEWqLHuvctI91KS9hhNmmWOoWu0XTYJS7CA=
